
Microsoft Visual Studio Solution File, Format Version 12.00
# Visual Studio 14
VisualStudioVersion = 14.0.25420.1
MinimumVisualStudioVersion = 10.0.40219.1
Project("{F184B08F-C81C-45F6-A57F-5ABD9991F28F}") = "Registration", "Registration.vbproj", "{B62A8CA9-6AC5-4D24-8DEC-D83FC7D0CD94}"
EndProject
Project("{F184B08F-C81C-45F6-A57F-5ABD9991F28F}") = "MathematicalLibrary", "..\MathematicalLibrary\MathematicalLibrary\MathematicalLibrary.vbproj", "{EDE7737D-616C-4E18-96D6-2B0C4670595C}"
EndProject
Project("{FAE04EC0-301F-11D3-BF4B-00C04F79EFBC}") = "TaskClientServerLibrary", "..\TaskClientServerLibraryCS\TaskClientServerLibrary.csproj", "{74D3592B-4D66-4712-9112-C0D3ED33A96F}"
EndProject
Project("{FAE04EC0-301F-11D3-BF4B-00C04F79EFBC}") = "PulseButton", "..\PulseButton\PulseButton.csproj", "{17A4D90E-2DEB-4BD7-82B6-16860C90B4E9}"
EndProject
Project("{F184B08F-C81C-45F6-A57F-5ABD9991F28F}") = "BaseForm", "..\BaseForm\BaseForm\BaseForm.vbproj", "{99890C86-E367-47C5-AE0D-CC68632A439E}"
EndProject
Project("{F184B08F-C81C-45F6-A57F-5ABD9991F28F}") = "BaseFormKT", "..\BaseFormKT\BaseFormKT.vbproj", "{4B2DC45A-A4D6-41E7-A18F-8181C581099D}"
EndProject
Project("{F184B08F-C81C-45F6-A57F-5ABD9991F28F}") = "Chamber", "..\ФормыПодсчетаПараметров\Chamber\Chamber.vbproj", "{DF2332F7-14D3-4DCE-8155-052A190211C5}"
EndProject
Global
	GlobalSection(SolutionConfigurationPlatforms) = preSolution
		CD_ROM|Any CPU = CD_ROM|Any CPU
		CD_ROM|x86 = CD_ROM|x86
		Debug|Any CPU = Debug|Any CPU
		Debug|x86 = Debug|x86
		DVD-5|Any CPU = DVD-5|Any CPU
		DVD-5|x86 = DVD-5|x86
		Release|Any CPU = Release|Any CPU
		Release|x86 = Release|x86
		SingleImage|Any CPU = SingleImage|Any CPU
		SingleImage|x86 = SingleImage|x86
	EndGlobalSection
	GlobalSection(ProjectConfigurationPlatforms) = postSolution
		{B62A8CA9-6AC5-4D24-8DEC-D83FC7D0CD94}.CD_ROM|Any CPU.ActiveCfg = Release|Any CPU
		{B62A8CA9-6AC5-4D24-8DEC-D83FC7D0CD94}.CD_ROM|Any CPU.Build.0 = Release|Any CPU
		{B62A8CA9-6AC5-4D24-8DEC-D83FC7D0CD94}.CD_ROM|x86.ActiveCfg = Release|x86
		{B62A8CA9-6AC5-4D24-8DEC-D83FC7D0CD94}.CD_ROM|x86.Build.0 = Release|x86
		{B62A8CA9-6AC5-4D24-8DEC-D83FC7D0CD94}.Debug|Any CPU.ActiveCfg = Release|Any CPU
		{B62A8CA9-6AC5-4D24-8DEC-D83FC7D0CD94}.Debug|Any CPU.Build.0 = Release|Any CPU
		{B62A8CA9-6AC5-4D24-8DEC-D83FC7D0CD94}.Debug|x86.ActiveCfg = Debug|x86
		{B62A8CA9-6AC5-4D24-8DEC-D83FC7D0CD94}.Debug|x86.Build.0 = Debug|x86
		{B62A8CA9-6AC5-4D24-8DEC-D83FC7D0CD94}.DVD-5|Any CPU.ActiveCfg = Debug|Any CPU
		{B62A8CA9-6AC5-4D24-8DEC-D83FC7D0CD94}.DVD-5|Any CPU.Build.0 = Debug|Any CPU
		{B62A8CA9-6AC5-4D24-8DEC-D83FC7D0CD94}.DVD-5|x86.ActiveCfg = Debug|x86
		{B62A8CA9-6AC5-4D24-8DEC-D83FC7D0CD94}.DVD-5|x86.Build.0 = Debug|x86
		{B62A8CA9-6AC5-4D24-8DEC-D83FC7D0CD94}.Release|Any CPU.ActiveCfg = Release|Any CPU
		{B62A8CA9-6AC5-4D24-8DEC-D83FC7D0CD94}.Release|Any CPU.Build.0 = Release|Any CPU
		{B62A8CA9-6AC5-4D24-8DEC-D83FC7D0CD94}.Release|x86.ActiveCfg = Release|x86
		{B62A8CA9-6AC5-4D24-8DEC-D83FC7D0CD94}.Release|x86.Build.0 = Release|x86
		{B62A8CA9-6AC5-4D24-8DEC-D83FC7D0CD94}.SingleImage|Any CPU.ActiveCfg = Release|x86
		{B62A8CA9-6AC5-4D24-8DEC-D83FC7D0CD94}.SingleImage|Any CPU.Build.0 = Release|x86
		{B62A8CA9-6AC5-4D24-8DEC-D83FC7D0CD94}.SingleImage|x86.ActiveCfg = Release|x86
		{B62A8CA9-6AC5-4D24-8DEC-D83FC7D0CD94}.SingleImage|x86.Build.0 = Release|x86
		{EDE7737D-616C-4E18-96D6-2B0C4670595C}.CD_ROM|Any CPU.ActiveCfg = Debug|Any CPU
		{EDE7737D-616C-4E18-96D6-2B0C4670595C}.CD_ROM|Any CPU.Build.0 = Debug|Any CPU
		{EDE7737D-616C-4E18-96D6-2B0C4670595C}.CD_ROM|x86.ActiveCfg = Debug|Any CPU
		{EDE7737D-616C-4E18-96D6-2B0C4670595C}.CD_ROM|x86.Build.0 = Debug|Any CPU
		{EDE7737D-616C-4E18-96D6-2B0C4670595C}.Debug|Any CPU.ActiveCfg = Debug|Any CPU
		{EDE7737D-616C-4E18-96D6-2B0C4670595C}.Debug|Any CPU.Build.0 = Debug|Any CPU
		{EDE7737D-616C-4E18-96D6-2B0C4670595C}.Debug|x86.ActiveCfg = Debug|Any CPU
		{EDE7737D-616C-4E18-96D6-2B0C4670595C}.Debug|x86.Build.0 = Debug|Any CPU
		{EDE7737D-616C-4E18-96D6-2B0C4670595C}.DVD-5|Any CPU.ActiveCfg = Debug|Any CPU
		{EDE7737D-616C-4E18-96D6-2B0C4670595C}.DVD-5|Any CPU.Build.0 = Debug|Any CPU
		{EDE7737D-616C-4E18-96D6-2B0C4670595C}.DVD-5|x86.ActiveCfg = Debug|Any CPU
		{EDE7737D-616C-4E18-96D6-2B0C4670595C}.DVD-5|x86.Build.0 = Debug|Any CPU
		{EDE7737D-616C-4E18-96D6-2B0C4670595C}.Release|Any CPU.ActiveCfg = Release|Any CPU
		{EDE7737D-616C-4E18-96D6-2B0C4670595C}.Release|Any CPU.Build.0 = Release|Any CPU
		{EDE7737D-616C-4E18-96D6-2B0C4670595C}.Release|x86.ActiveCfg = Release|Any CPU
		{EDE7737D-616C-4E18-96D6-2B0C4670595C}.Release|x86.Build.0 = Release|Any CPU
		{EDE7737D-616C-4E18-96D6-2B0C4670595C}.SingleImage|Any CPU.ActiveCfg = Debug|Any CPU
		{EDE7737D-616C-4E18-96D6-2B0C4670595C}.SingleImage|Any CPU.Build.0 = Debug|Any CPU
		{EDE7737D-616C-4E18-96D6-2B0C4670595C}.SingleImage|x86.ActiveCfg = Debug|Any CPU
		{EDE7737D-616C-4E18-96D6-2B0C4670595C}.SingleImage|x86.Build.0 = Debug|Any CPU
		{74D3592B-4D66-4712-9112-C0D3ED33A96F}.CD_ROM|Any CPU.ActiveCfg = Debug|Any CPU
		{74D3592B-4D66-4712-9112-C0D3ED33A96F}.CD_ROM|Any CPU.Build.0 = Debug|Any CPU
		{74D3592B-4D66-4712-9112-C0D3ED33A96F}.CD_ROM|x86.ActiveCfg = Debug|Any CPU
		{74D3592B-4D66-4712-9112-C0D3ED33A96F}.CD_ROM|x86.Build.0 = Debug|Any CPU
		{74D3592B-4D66-4712-9112-C0D3ED33A96F}.Debug|Any CPU.ActiveCfg = Debug|Any CPU
		{74D3592B-4D66-4712-9112-C0D3ED33A96F}.Debug|Any CPU.Build.0 = Debug|Any CPU
		{74D3592B-4D66-4712-9112-C0D3ED33A96F}.Debug|x86.ActiveCfg = Debug|Any CPU
		{74D3592B-4D66-4712-9112-C0D3ED33A96F}.Debug|x86.Build.0 = Debug|Any CPU
		{74D3592B-4D66-4712-9112-C0D3ED33A96F}.DVD-5|Any CPU.ActiveCfg = Debug|Any CPU
		{74D3592B-4D66-4712-9112-C0D3ED33A96F}.DVD-5|Any CPU.Build.0 = Debug|Any CPU
		{74D3592B-4D66-4712-9112-C0D3ED33A96F}.DVD-5|x86.ActiveCfg = Debug|Any CPU
		{74D3592B-4D66-4712-9112-C0D3ED33A96F}.DVD-5|x86.Build.0 = Debug|Any CPU
		{74D3592B-4D66-4712-9112-C0D3ED33A96F}.Release|Any CPU.ActiveCfg = Release|Any CPU
		{74D3592B-4D66-4712-9112-C0D3ED33A96F}.Release|Any CPU.Build.0 = Release|Any CPU
		{74D3592B-4D66-4712-9112-C0D3ED33A96F}.Release|x86.ActiveCfg = Release|Any CPU
		{74D3592B-4D66-4712-9112-C0D3ED33A96F}.Release|x86.Build.0 = Release|Any CPU
		{74D3592B-4D66-4712-9112-C0D3ED33A96F}.SingleImage|Any CPU.ActiveCfg = Debug|Any CPU
		{74D3592B-4D66-4712-9112-C0D3ED33A96F}.SingleImage|Any CPU.Build.0 = Debug|Any CPU
		{74D3592B-4D66-4712-9112-C0D3ED33A96F}.SingleImage|x86.ActiveCfg = Debug|Any CPU
		{74D3592B-4D66-4712-9112-C0D3ED33A96F}.SingleImage|x86.Build.0 = Debug|Any CPU
		{17A4D90E-2DEB-4BD7-82B6-16860C90B4E9}.CD_ROM|Any CPU.ActiveCfg = Debug|Any CPU
		{17A4D90E-2DEB-4BD7-82B6-16860C90B4E9}.CD_ROM|Any CPU.Build.0 = Debug|Any CPU
		{17A4D90E-2DEB-4BD7-82B6-16860C90B4E9}.CD_ROM|x86.ActiveCfg = Debug|Any CPU
		{17A4D90E-2DEB-4BD7-82B6-16860C90B4E9}.CD_ROM|x86.Build.0 = Debug|Any CPU
		{17A4D90E-2DEB-4BD7-82B6-16860C90B4E9}.Debug|Any CPU.ActiveCfg = Debug|Any CPU
		{17A4D90E-2DEB-4BD7-82B6-16860C90B4E9}.Debug|Any CPU.Build.0 = Debug|Any CPU
		{17A4D90E-2DEB-4BD7-82B6-16860C90B4E9}.Debug|x86.ActiveCfg = Debug|Any CPU
		{17A4D90E-2DEB-4BD7-82B6-16860C90B4E9}.Debug|x86.Build.0 = Debug|Any CPU
		{17A4D90E-2DEB-4BD7-82B6-16860C90B4E9}.DVD-5|Any CPU.ActiveCfg = Debug|Any CPU
		{17A4D90E-2DEB-4BD7-82B6-16860C90B4E9}.DVD-5|Any CPU.Build.0 = Debug|Any CPU
		{17A4D90E-2DEB-4BD7-82B6-16860C90B4E9}.DVD-5|x86.ActiveCfg = Debug|Any CPU
		{17A4D90E-2DEB-4BD7-82B6-16860C90B4E9}.DVD-5|x86.Build.0 = Debug|Any CPU
		{17A4D90E-2DEB-4BD7-82B6-16860C90B4E9}.Release|Any CPU.ActiveCfg = Release|Any CPU
		{17A4D90E-2DEB-4BD7-82B6-16860C90B4E9}.Release|Any CPU.Build.0 = Release|Any CPU
		{17A4D90E-2DEB-4BD7-82B6-16860C90B4E9}.Release|x86.ActiveCfg = Release|Any CPU
		{17A4D90E-2DEB-4BD7-82B6-16860C90B4E9}.Release|x86.Build.0 = Release|Any CPU
		{17A4D90E-2DEB-4BD7-82B6-16860C90B4E9}.SingleImage|Any CPU.ActiveCfg = Debug|Any CPU
		{17A4D90E-2DEB-4BD7-82B6-16860C90B4E9}.SingleImage|Any CPU.Build.0 = Debug|Any CPU
		{17A4D90E-2DEB-4BD7-82B6-16860C90B4E9}.SingleImage|x86.ActiveCfg = Debug|Any CPU
		{17A4D90E-2DEB-4BD7-82B6-16860C90B4E9}.SingleImage|x86.Build.0 = Debug|Any CPU
		{99890C86-E367-47C5-AE0D-CC68632A439E}.CD_ROM|Any CPU.ActiveCfg = Debug|Any CPU
		{99890C86-E367-47C5-AE0D-CC68632A439E}.CD_ROM|Any CPU.Build.0 = Debug|Any CPU
		{99890C86-E367-47C5-AE0D-CC68632A439E}.CD_ROM|x86.ActiveCfg = Debug|Any CPU
		{99890C86-E367-47C5-AE0D-CC68632A439E}.CD_ROM|x86.Build.0 = Debug|Any CPU
		{99890C86-E367-47C5-AE0D-CC68632A439E}.Debug|Any CPU.ActiveCfg = Debug|Any CPU
		{99890C86-E367-47C5-AE0D-CC68632A439E}.Debug|Any CPU.Build.0 = Debug|Any CPU
		{99890C86-E367-47C5-AE0D-CC68632A439E}.Debug|x86.ActiveCfg = Debug|Any CPU
		{99890C86-E367-47C5-AE0D-CC68632A439E}.Debug|x86.Build.0 = Debug|Any CPU
		{99890C86-E367-47C5-AE0D-CC68632A439E}.DVD-5|Any CPU.ActiveCfg = Debug|Any CPU
		{99890C86-E367-47C5-AE0D-CC68632A439E}.DVD-5|Any CPU.Build.0 = Debug|Any CPU
		{99890C86-E367-47C5-AE0D-CC68632A439E}.DVD-5|x86.ActiveCfg = Debug|Any CPU
		{99890C86-E367-47C5-AE0D-CC68632A439E}.DVD-5|x86.Build.0 = Debug|Any CPU
		{99890C86-E367-47C5-AE0D-CC68632A439E}.Release|Any CPU.ActiveCfg = Release|Any CPU
		{99890C86-E367-47C5-AE0D-CC68632A439E}.Release|Any CPU.Build.0 = Release|Any CPU
		{99890C86-E367-47C5-AE0D-CC68632A439E}.Release|x86.ActiveCfg = Release|Any CPU
		{99890C86-E367-47C5-AE0D-CC68632A439E}.Release|x86.Build.0 = Release|Any CPU
		{99890C86-E367-47C5-AE0D-CC68632A439E}.SingleImage|Any CPU.ActiveCfg = Debug|Any CPU
		{99890C86-E367-47C5-AE0D-CC68632A439E}.SingleImage|Any CPU.Build.0 = Debug|Any CPU
		{99890C86-E367-47C5-AE0D-CC68632A439E}.SingleImage|x86.ActiveCfg = Debug|Any CPU
		{99890C86-E367-47C5-AE0D-CC68632A439E}.SingleImage|x86.Build.0 = Debug|Any CPU
		{4B2DC45A-A4D6-41E7-A18F-8181C581099D}.CD_ROM|Any CPU.ActiveCfg = Debug|Any CPU
		{4B2DC45A-A4D6-41E7-A18F-8181C581099D}.CD_ROM|Any CPU.Build.0 = Debug|Any CPU
		{4B2DC45A-A4D6-41E7-A18F-8181C581099D}.CD_ROM|x86.ActiveCfg = Debug|Any CPU
		{4B2DC45A-A4D6-41E7-A18F-8181C581099D}.CD_ROM|x86.Build.0 = Debug|Any CPU
		{4B2DC45A-A4D6-41E7-A18F-8181C581099D}.Debug|Any CPU.ActiveCfg = Debug|Any CPU
		{4B2DC45A-A4D6-41E7-A18F-8181C581099D}.Debug|Any CPU.Build.0 = Debug|Any CPU
		{4B2DC45A-A4D6-41E7-A18F-8181C581099D}.Debug|x86.ActiveCfg = Debug|Any CPU
		{4B2DC45A-A4D6-41E7-A18F-8181C581099D}.Debug|x86.Build.0 = Debug|Any CPU
		{4B2DC45A-A4D6-41E7-A18F-8181C581099D}.DVD-5|Any CPU.ActiveCfg = Debug|Any CPU
		{4B2DC45A-A4D6-41E7-A18F-8181C581099D}.DVD-5|Any CPU.Build.0 = Debug|Any CPU
		{4B2DC45A-A4D6-41E7-A18F-8181C581099D}.DVD-5|x86.ActiveCfg = Debug|Any CPU
		{4B2DC45A-A4D6-41E7-A18F-8181C581099D}.DVD-5|x86.Build.0 = Debug|Any CPU
		{4B2DC45A-A4D6-41E7-A18F-8181C581099D}.Release|Any CPU.ActiveCfg = Release|Any CPU
		{4B2DC45A-A4D6-41E7-A18F-8181C581099D}.Release|Any CPU.Build.0 = Release|Any CPU
		{4B2DC45A-A4D6-41E7-A18F-8181C581099D}.Release|x86.ActiveCfg = Release|Any CPU
		{4B2DC45A-A4D6-41E7-A18F-8181C581099D}.Release|x86.Build.0 = Release|Any CPU
		{4B2DC45A-A4D6-41E7-A18F-8181C581099D}.SingleImage|Any CPU.ActiveCfg = Debug|Any CPU
		{4B2DC45A-A4D6-41E7-A18F-8181C581099D}.SingleImage|Any CPU.Build.0 = Debug|Any CPU
		{4B2DC45A-A4D6-41E7-A18F-8181C581099D}.SingleImage|x86.ActiveCfg = Debug|Any CPU
		{4B2DC45A-A4D6-41E7-A18F-8181C581099D}.SingleImage|x86.Build.0 = Debug|Any CPU
		{DF2332F7-14D3-4DCE-8155-052A190211C5}.CD_ROM|Any CPU.ActiveCfg = Debug|Any CPU
		{DF2332F7-14D3-4DCE-8155-052A190211C5}.CD_ROM|Any CPU.Build.0 = Debug|Any CPU
		{DF2332F7-14D3-4DCE-8155-052A190211C5}.CD_ROM|x86.ActiveCfg = Debug|x86
		{DF2332F7-14D3-4DCE-8155-052A190211C5}.CD_ROM|x86.Build.0 = Debug|x86
		{DF2332F7-14D3-4DCE-8155-052A190211C5}.Debug|Any CPU.ActiveCfg = Debug|Any CPU
		{DF2332F7-14D3-4DCE-8155-052A190211C5}.Debug|Any CPU.Build.0 = Debug|Any CPU
		{DF2332F7-14D3-4DCE-8155-052A190211C5}.Debug|x86.ActiveCfg = Debug|x86
		{DF2332F7-14D3-4DCE-8155-052A190211C5}.Debug|x86.Build.0 = Debug|x86
		{DF2332F7-14D3-4DCE-8155-052A190211C5}.DVD-5|Any CPU.ActiveCfg = Debug|Any CPU
		{DF2332F7-14D3-4DCE-8155-052A190211C5}.DVD-5|Any CPU.Build.0 = Debug|Any CPU
		{DF2332F7-14D3-4DCE-8155-052A190211C5}.DVD-5|x86.ActiveCfg = Debug|x86
		{DF2332F7-14D3-4DCE-8155-052A190211C5}.DVD-5|x86.Build.0 = Debug|x86
		{DF2332F7-14D3-4DCE-8155-052A190211C5}.Release|Any CPU.ActiveCfg = Release|Any CPU
		{DF2332F7-14D3-4DCE-8155-052A190211C5}.Release|Any CPU.Build.0 = Release|Any CPU
		{DF2332F7-14D3-4DCE-8155-052A190211C5}.Release|x86.ActiveCfg = Release|x86
		{DF2332F7-14D3-4DCE-8155-052A190211C5}.Release|x86.Build.0 = Release|x86
		{DF2332F7-14D3-4DCE-8155-052A190211C5}.SingleImage|Any CPU.ActiveCfg = Debug|Any CPU
		{DF2332F7-14D3-4DCE-8155-052A190211C5}.SingleImage|Any CPU.Build.0 = Debug|Any CPU
		{DF2332F7-14D3-4DCE-8155-052A190211C5}.SingleImage|x86.ActiveCfg = Debug|x86
		{DF2332F7-14D3-4DCE-8155-052A190211C5}.SingleImage|x86.Build.0 = Debug|x86
	EndGlobalSection
	GlobalSection(SolutionProperties) = preSolution
		HideSolutionNode = FALSE
	EndGlobalSection
	GlobalSection(ExtensibilityGlobals) = postSolution
		SolutionGuid = {285F1139-A067-4CDB-B46A-BEA70E537604}
	EndGlobalSection
EndGlobal
